
Microsoft Visual Studio Solution File, Format Version 12.00
# Visual Studio Version 17
VisualStudioVersion = 17.4.33110.190
MinimumVisualStudioVersion = 10.0.40219.1
Project("{FAE04EC0-301F-11D3-BF4B-00C04F79EFBC}") = "DorganASPNetFramework", "DorganASPNetFramework\DorganASPNetFramework.csproj", "{6F92F058-D60D-4AF6-8197-40098AD7508C}"
EndProject
Global
	GlobalSection(SolutionConfigurationPlatforms) = preSolution
		Debug|Any CPU = Debug|Any CPU
		Release|Any CPU = Release|Any CPU
	EndGlobalSection
	GlobalSection(ProjectConfigurationPlatforms) = postSolution
		{6F92F058-D60D-4AF6-8197-40098AD7508C}.Debug|Any CPU.ActiveCfg = Debug|Any CPU
		{6F92F058-D60D-4AF6-8197-40098AD7508C}.Debug|Any CPU.Build.0 = Debug|Any CPU
		{6F92F058-D60D-4AF6-8197-40098AD7508C}.Release|Any CPU.ActiveCfg = Release|Any CPU
		{6F92F058-D60D-4AF6-8197-40098AD7508C}.Release|Any CPU.Build.0 = Release|Any CPU
	EndGlobalSection
	GlobalSection(SolutionProperties) = preSolution
		HideSolutionNode = FALSE
	EndGlobalSection
	GlobalSection(ExtensibilityGlobals) = postSolution
		SolutionGuid = {3544EA79-699B-47AD-880F-07B8490A4D6B}
	EndGlobalSection
EndGlobal
